// !$*UTF8*$!
{
	archiveVersion = 1;
	classes = {
	};
	objectVersion = 56;
	objects = {

/* Begin PBXBuildFile section */
		B1A7EF962BC4137000F9D910 /* AppDelegate.swift in Sources */ = {isa = PBXBuildFile; fileRef = B1A7EF952BC4137000F9D910 /* AppDelegate.swift */; };
		B1A7EF982BC4137000F9D910 /* SceneDelegate.swift in Sources */ = {isa = PBXBuildFile; fileRef = B1A7EF972BC4137000F9D910 /* SceneDelegate.swift */; };
		B1A7EF9A2BC4137000F9D910 /* ViewController.swift in Sources */ = {isa = PBXBuildFile; fileRef = B1A7EF992BC4137000F9D910 /* ViewController.swift */; };
		B1A7EF9D2BC4137000F9D910 /* Main.storyboard in Resources */ = {isa = PBXBuildFile; fileRef = B1A7EF9B2BC4137000F9D910 /* Main.storyboard */; };
		B1A7EF9F2BC4137200F9D910 /* Assets.xcassets in Resources */ = {isa = PBXBuildFile; fileRef = B1A7EF9E2BC4137200F9D910 /* Assets.xcassets */; };
		B1A7EFA22BC4137200F9D910 /* LaunchScreen.storyboard in Resources */ = {isa = PBXBuildFile; fileRef = B1A7EFA02BC4137200F9D910 /* LaunchScreen.storyboard */; };
		B1A7EFAD2BC4137200F9D910 /* Testing_in_Xcode_OReillyTests.swift in Sources */ = {isa = PBXBuildFile; fileRef = B1A7EFAC2BC4137200F9D910 /* Testing_in_Xcode_OReillyTests.swift */; };
		B1A7EFB72BC4137200F9D910 /* Testing_in_Xcode_OReillyUITests.swift in Sources */ = {isa = PBXBuildFile; fileRef = B1A7EFB62BC4137200F9D910 /* Testing_in_Xcode_OReillyUITests.swift */; };
		B1A7EFB92BC4137200F9D910 /* Testing_in_Xcode_OReillyUITestsLaunchTests.swift in Sources */ = {isa = PBXBuildFile; fileRef = B1A7EFB82BC4137200F9D910 /* Testing_in_Xcode_OReillyUITestsLaunchTests.swift */; };
		B1A7EFC62BC54C5400F9D910 /* Utilities.swift in Sources */ = {isa = PBXBuildFile; fileRef = B1A7EFC52BC54C5400F9D910 /* Utilities.swift */; };
		B1A7EFC92BC6159000F9D910 /* Person.swift in Sources */ = {isa = PBXBuildFile; fileRef = B1A7EFC82BC6159000F9D910 /* Person.swift */; };
		B1A7EFCB2BC616F700F9D910 /* Person.swift in Sources */ = {isa = PBXBuildFile; fileRef = B1A7EFC82BC6159000F9D910 /* Person.swift */; };
		B1BA1A732BC61887001EF9EA /* Utilities.swift in Sources */ = {isa = PBXBuildFile; fileRef = B1A7EFC52BC54C5400F9D910 /* Utilities.swift */; };
/* End PBXBuildFile section */

/* Begin PBXContainerItemProxy section */
		B1A7EFA92BC4137200F9D910 /* PBXContainerItemProxy */ = {
			isa = PBXContainerItemProxy;
			containerPortal = B1A7EF8A2BC4137000F9D910 /* Project object */;
			proxyType = 1;
			remoteGlobalIDString = B1A7EF912BC4137000F9D910;
			remoteInfo = Testing_in_Xcode_OReilly;
		};
		B1A7EFB32BC4137200F9D910 /* PBXContainerItemProxy */ = {
			isa = PBXContainerItemProxy;
			containerPortal = B1A7EF8A2BC4137000F9D910 /* Project object */;
			proxyType = 1;
			remoteGlobalIDString = B1A7EF912BC4137000F9D910;
			remoteInfo = Testing_in_Xcode_OReilly;
		};
/* End PBXContainerItemProxy section */

/* Begin PBXFileReference section */
		B1A7EF922BC4137000F9D910 /* Testing_in_Xcode_OReilly.app */ = {isa = PBXFileReference; explicitFileType = wrapper.application; includeInIndex = 0; path = Testing_in_Xcode_OReilly.app; sourceTree = BUILT_PRODUCTS_DIR; };
		B1A7EF952BC4137000F9D910 /* AppDelegate.swift */ = {isa = PBXFileReference; lastKnownFileType = sourcecode.swift; path = AppDelegate.swift; sourceTree = "<group>"; };
		B1A7EF972BC4137000F9D910 /* SceneDelegate.swift */ = {isa = PBXFileReference; lastKnownFileType = sourcecode.swift; path = SceneDelegate.swift; sourceTree = "<group>"; };
		B1A7EF992BC4137000F9D910 /* ViewController.swift */ = {isa = PBXFileReference; lastKnownFileType = sourcecode.swift; path = ViewController.swift; sourceTree = "<group>"; };
		B1A7EF9C2BC4137000F9D910 /* Base */ = {isa = PBXFileReference; lastKnownFileType = file.storyboard; name = Base; path = Base.lproj/Main.storyboard; sourceTree = "<group>"; };
		B1A7EF9E2BC4137200F9D910 /* Assets.xcassets */ = {isa = PBXFileReference; lastKnownFileType = folder.assetcatalog; path = Assets.xcassets; sourceTree = "<group>"; };
		B1A7EFA12BC4137200F9D910 /* Base */ = {isa = PBXFileReference; lastKnownFileType = file.storyboard; name = Base; path = Base.lproj/LaunchScreen.storyboard; sourceTree = "<group>"; };
		B1A7EFA32BC4137200F9D910 /* Info.plist */ = {isa = PBXFileReference; lastKnownFileType = text.plist.xml; path = Info.plist; sourceTree = "<group>"; };
		B1A7EFA82BC4137200F9D910 /* Testing_in_Xcode_OReillyTests.xctest */ = {isa = PBXFileReference; explicitFileType = wrapper.cfbundle; includeInIndex = 0; path = Testing_in_Xcode_OReillyTests.xctest; sourceTree = BUILT_PRODUCTS_DIR; };
		B1A7EFAC2BC4137200F9D910 /* Testing_in_Xcode_OReillyTests.swift */ = {isa = PBXFileReference; lastKnownFileType = sourcecode.swift; path = Testing_in_Xcode_OReillyTests.swift; sourceTree = "<group>"; };
		B1A7EFB22BC4137200F9D910 /* Testing_in_Xcode_OReillyUITests.xctest */ = {isa = PBXFileReference; explicitFileType = wrapper.cfbundle; includeInIndex = 0; path = Testing_in_Xcode_OReillyUITests.xctest; sourceTree = BUILT_PRODUCTS_DIR; };
		B1A7EFB62BC4137200F9D910 /* Testing_in_Xcode_OReillyUITests.swift */ = {isa = PBXFileReference; lastKnownFileType = sourcecode.swift; path = Testing_in_Xcode_OReillyUITests.swift; sourceTree = "<group>"; };
		B1A7EFB82BC4137200F9D910 /* Testing_in_Xcode_OReillyUITestsLaunchTests.swift */ = {isa = PBXFileReference; lastKnownFileType = sourcecode.swift; path = Testing_in_Xcode_OReillyUITestsLaunchTests.swift; sourceTree = "<group>"; };
		B1A7EFC52BC54C5400F9D910 /* Utilities.swift */ = {isa = PBXFileReference; lastKnownFileType = sourcecode.swift; path = Utilities.swift; sourceTree = "<group>"; };
		B1A7EFC82BC6159000F9D910 /* Person.swift */ = {isa = PBXFileReference; lastKnownFileType = sourcecode.swift; path = Person.swift; sourceTree = "<group>"; };
/* End PBXFileReference section */

/* Begin PBXFrameworksBuildPhase section */
		B1A7EF8F2BC4137000F9D910 /* Frameworks */ = {
			isa = PBXFrameworksBuildPhase;
			buildActionMask = 2147483647;
			files = (
			);
			runOnlyForDeploymentPostprocessing = 0;
		};
		B1A7EFA52BC4137200F9D910 /* Frameworks */ = {
			isa = PBXFrameworksBuildPhase;
			buildActionMask = 2147483647;
			files = (
			);
			runOnlyForDeploymentPostprocessing = 0;
		};
		B1A7EFAF2BC4137200F9D910 /* Frameworks */ = {
			isa = PBXFrameworksBuildPhase;
			buildActionMask = 2147483647;
			files = (
			);
			runOnlyForDeploymentPostprocessing = 0;
		};
/* End PBXFrameworksBuildPhase section */

/* Begin PBXGroup section */
		B1A7EF892BC4137000F9D910 = {
			isa = PBXGroup;
			children = (
				B1A7EF942BC4137000F9D910 /* Testing_in_Xcode_OReilly */,
				B1A7EFAB2BC4137200F9D910 /* Testing_in_Xcode_OReillyTests */,
				B1A7EFB52BC4137200F9D910 /* Testing_in_Xcode_OReillyUITests */,
				B1A7EF932BC4137000F9D910 /* Products */,
			);
			sourceTree = "<group>";
		};
		B1A7EF932BC4137000F9D910 /* Products */ = {
			isa = PBXGroup;
			children = (
				B1A7EF922BC4137000F9D910 /* Testing_in_Xcode_OReilly.app */,
				B1A7EFA82BC4137200F9D910 /* Testing_in_Xcode_OReillyTests.xctest */,
				B1A7EFB22BC4137200F9D910 /* Testing_in_Xcode_OReillyUITests.xctest */,
			);
			name = Products;
			sourceTree = "<group>";
		};
		B1A7EF942BC4137000F9D910 /* Testing_in_Xcode_OReilly */ = {
			isa = PBXGroup;
			children = (
				B1A7EF952BC4137000F9D910 /* AppDelegate.swift */,
				B1A7EF972BC4137000F9D910 /* SceneDelegate.swift */,
				B1A7EF992BC4137000F9D910 /* ViewController.swift */,
				B1A7EFC52BC54C5400F9D910 /* Utilities.swift */,
				B1A7EFC82BC6159000F9D910 /* Person.swift */,
				B1A7EF9B2BC4137000F9D910 /* Main.storyboard */,
				B1A7EF9E2BC4137200F9D910 /* Assets.xcassets */,
				B1A7EFA02BC4137200F9D910 /* LaunchScreen.storyboard */,
				B1A7EFA32BC4137200F9D910 /* Info.plist */,
			);
			path = Testing_in_Xcode_OReilly;
			sourceTree = "<group>";
		};
		B1A7EFAB2BC4137200F9D910 /* Testing_in_Xcode_OReillyTests */ = {
			isa = PBXGroup;
			children = (
				B1A7EFAC2BC4137200F9D910 /* Testing_in_Xcode_OReillyTests.swift */,
			);
			path = Testing_in_Xcode_OReillyTests;
			sourceTree = "<group>";
		};
		B1A7EFB52BC4137200F9D910 /* Testing_in_Xcode_OReillyUITests */ = {
			isa = PBXGroup;
			children = (
				B1A7EFB62BC4137200F9D910 /* Testing_in_Xcode_OReillyUITests.swift */,
				B1A7EFB82BC4137200F9D910 /* Testing_in_Xcode_OReillyUITestsLaunchTests.swift */,
			);
			path = Testing_in_Xcode_OReillyUITests;
			sourceTree = "<group>";
		};
/* End PBXGroup section */

/* Begin PBXNativeTarget section */
		B1A7EF912BC4137000F9D910 /* Testing_in_Xcode_OReilly */ = {
			isa = PBXNativeTarget;
			buildConfigurationList = B1A7EFBC2BC4137200F9D910 /* Build configuration list for PBXNativeTarget "Testing_in_Xcode_OReilly" */;
			buildPhases = (
				B1A7EF8E2BC4137000F9D910 /* Sources */,
				B1A7EF8F2BC4137000F9D910 /* Frameworks */,
				B1A7EF902BC4137000F9D910 /* Resources */,
			);
			buildRules = (
			);
			dependencies = (
			);
			name = Testing_in_Xcode_OReilly;
			productName = Testing_in_Xcode_OReilly;
			productReference = B1A7EF922BC4137000F9D910 /* Testing_in_Xcode_OReilly.app */;
			productType = "com.apple.product-type.application";
		};
		B1A7EFA72BC4137200F9D910 /* Testing_in_Xcode_OReillyTests */ = {
			isa = PBXNativeTarget;
			buildConfigurationList = B1A7EFBF2BC4137200F9D910 /* Build configuration list for PBXNativeTarget "Testing_in_Xcode_OReillyTests" */;
			buildPhases = (
				B1A7EFA42BC4137200F9D910 /* Sources */,
				B1A7EFA52BC4137200F9D910 /* Frameworks */,
				B1A7EFA62BC4137200F9D910 /* Resources */,
			);
			buildRules = (
			);
			dependencies = (
				B1A7EFAA2BC4137200F9D910 /* PBXTargetDependency */,
			);
			name = Testing_in_Xcode_OReillyTests;
			productName = Testing_in_Xcode_OReillyTests;
			productReference = B1A7EFA82BC4137200F9D910 /* Testing_in_Xcode_OReillyTests.xctest */;
			productType = "com.apple.product-type.bundle.unit-test";
		};
		B1A7EFB12BC4137200F9D910 /* Testing_in_Xcode_OReillyUITests */ = {
			isa = PBXNativeTarget;
			buildConfigurationList = B1A7EFC22BC4137200F9D910 /* Build configuration list for PBXNativeTarget "Testing_in_Xcode_OReillyUITests" */;
			buildPhases = (
				B1A7EFAE2BC4137200F9D910 /* Sources */,
				B1A7EFAF2BC4137200F9D910 /* Frameworks */,
				B1A7EFB02BC4137200F9D910 /* Resources */,
			);
			buildRules = (
			);
			dependencies = (
				B1A7EFB42BC4137200F9D910 /* PBXTargetDependency */,
			);
			name = Testing_in_Xcode_OReillyUITests;
			productName = Testing_in_Xcode_OReillyUITests;
			productReference = B1A7EFB22BC4137200F9D910 /* Testing_in_Xcode_OReillyUITests.xctest */;
			productType = "com.apple.product-type.bundle.ui-testing";
		};
/* End PBXNativeTarget section */

/* Begin PBXProject section */
		B1A7EF8A2BC4137000F9D910 /* Project object */ = {
			isa = PBXProject;
			attributes = {
				BuildIndependentTargetsInParallel = 1;
				LastSwiftUpdateCheck = 1500;
				LastUpgradeCheck = 1500;
				TargetAttributes = {
					B1A7EF912BC4137000F9D910 = {
						CreatedOnToolsVersion = 15.0;
					};
					B1A7EFA72BC4137200F9D910 = {
						CreatedOnToolsVersion = 15.0;
						TestTargetID = B1A7EF912BC4137000F9D910;
					};
					B1A7EFB12BC4137200F9D910 = {
						CreatedOnToolsVersion = 15.0;
						TestTargetID = B1A7EF912BC4137000F9D910;
					};
				};
			};
			buildConfigurationList = B1A7EF8D2BC4137000F9D910 /* Build configuration list for PBXProject "Testing_in_Xcode_OReilly" */;
			compatibilityVersion = "Xcode 14.0";
			developmentRegion = en;
			hasScannedForEncodings = 0;
			knownRegions = (
				en,
				Base,
			);
			mainGroup = B1A7EF892BC4137000F9D910;
			productRefGroup = B1A7EF932BC4137000F9D910 /* Products */;
			projectDirPath = "";
			projectRoot = "";
			targets = (
				B1A7EF912BC4137000F9D910 /* Testing_in_Xcode_OReilly */,
				B1A7EFA72BC4137200F9D910 /* Testing_in_Xcode_OReillyTests */,
				B1A7EFB12BC4137200F9D910 /* Testing_in_Xcode_OReillyUITests */,
			);
		};
/* End PBXProject section */

/* Begin PBXResourcesBuildPhase section */
		B1A7EF902BC4137000F9D910 /* Resources */ = {
			isa = PBXResourcesBuildPhase;
			buildActionMask = 2147483647;
			files = (
				B1A7EFA22BC4137200F9D910 /* LaunchScreen.storyboard in Resources */,
				B1A7EF9F2BC4137200F9D910 /* Assets.xcassets in Resources */,
				B1A7EF9D2BC4137000F9D910 /* Main.storyboard in Resources */,
			);
			runOnlyForDeploymentPostprocessing = 0;
		};
		B1A7EFA62BC4137200F9D910 /* Resources */ = {
			isa = PBXResourcesBuildPhase;
			buildActionMask = 2147483647;
			files = (
			);
			runOnlyForDeploymentPostprocessing = 0;
		};
		B1A7EFB02BC4137200F9D910 /* Resources */ = {
			isa = PBXResourcesBuildPhase;
			buildActionMask = 2147483647;
			files = (
			);
			runOnlyForDeploymentPostprocessing = 0;
		};
/* End PBXResourcesBuildPhase section */

/* Begin PBXSourcesBuildPhase section */
		B1A7EF8E2BC4137000F9D910 /* Sources */ = {
			isa = PBXSourcesBuildPhase;
			buildActionMask = 2147483647;
			files = (
				B1A7EFC92BC6159000F9D910 /* Person.swift in Sources */,
				B1A7EF9A2BC4137000F9D910 /* ViewController.swift in Sources */,
				B1A7EF962BC4137000F9D910 /* AppDelegate.swift in Sources */,
				B1A7EFC62BC54C5400F9D910 /* Utilities.swift in Sources */,
				B1A7EF982BC4137000F9D910 /* SceneDelegate.swift in Sources */,
			);
			runOnlyForDeploymentPostprocessing = 0;
		};
		B1A7EFA42BC4137200F9D910 /* Sources */ = {
			isa = PBXSourcesBuildPhase;
			buildActionMask = 2147483647;
			files = (
				B1BA1A732BC61887001EF9EA /* Utilities.swift in Sources */,
				B1A7EFCB2BC616F700F9D910 /* Person.swift in Sources */,
				B1A7EFAD2BC4137200F9D910 /* Testing_in_Xcode_OReillyTests.swift in Sources */,
			);
			runOnlyForDeploymentPostprocessing = 0;
		};
		B1A7EFAE2BC4137200F9D910 /* Sources */ = {
			isa = PBXSourcesBuildPhase;
			buildActionMask = 2147483647;
			files = (
				B1A7EFB72BC4137200F9D910 /* Testing_in_Xcode_OReillyUITests.swift in Sources */,
				B1A7EFB92BC4137200F9D910 /* Testing_in_Xcode_OReillyUITestsLaunchTests.swift in Sources */,
			);
			runOnlyForDeploymentPostprocessing = 0;
		};
/* End PBXSourcesBuildPhase section */

/* Begin PBXTargetDependency section */
		B1A7EFAA2BC4137200F9D910 /* PBXTargetDependency */ = {
			isa = PBXTargetDependency;
			target = B1A7EF912BC4137000F9D910 /* Testing_in_Xcode_OReilly */;
			targetProxy = B1A7EFA92BC4137200F9D910 /* PBXContainerItemProxy */;
		};
		B1A7EFB42BC4137200F9D910 /* PBXTargetDependency */ = {
			isa = PBXTargetDependency;
			target = B1A7EF912BC4137000F9D910 /* Testing_in_Xcode_OReilly */;
			targetProxy = B1A7EFB32BC4137200F9D910 /* PBXContainerItemProxy */;
		};
/* End PBXTargetDependency section */

/* Begin PBXVariantGroup section */
		B1A7EF9B2BC4137000F9D910 /* Main.storyboard */ = {
			isa = PBXVariantGroup;
			children = (
				B1A7EF9C2BC4137000F9D910 /* Base */,
			);
			name = Main.storyboard;
			sourceTree = "<group>";
		};
		B1A7EFA02BC4137200F9D910 /* LaunchScreen.storyboard */ = {
			isa = PBXVariantGroup;
			children = (
				B1A7EFA12BC4137200F9D910 /* Base */,
			);
			name = LaunchScreen.storyboard;
			sourceTree = "<group>";
		};
/* End PBXVariantGroup section */

/* Begin XCBuildConfiguration section */
		B1A7EFBA2BC4137200F9D910 /* Debug */ = {
			isa = XCBuildConfiguration;
			buildSettings = {
				ALWAYS_SEARCH_USER_PATHS = NO;
				ASSETCATALOG_COMPILER_GENERATE_SWIFT_ASSET_SYMBOL_EXTENSIONS = YES;
				CLANG_ANALYZER_NONNULL = YES;
				CLANG_ANALYZER_NUMBER_OBJECT_CONVERSION = YES_AGGRESSIVE;
				CLANG_CXX_LANGUAGE_STANDARD = "gnu++20";
				CLANG_ENABLE_MODULES = YES;
				CLANG_ENABLE_OBJC_ARC = YES;
				CLANG_ENABLE_OBJC_WEAK = YES;
				CLANG_WARN_BLOCK_CAPTURE_AUTORELEASING = YES;
				CLANG_WARN_BOOL_CONVERSION = YES;
				CLANG_WARN_COMMA = YES;
				CLANG_WARN_CONSTANT_CONVERSION = YES;
				CLANG_WARN_DEPRECATED_OBJC_IMPLEMENTATIONS = YES;
				CLANG_WARN_DIRECT_OBJC_ISA_USAGE = YES_ERROR;
				CLANG_WARN_DOCUMENTATION_COMMENTS = YES;
				CLANG_WARN_EMPTY_BODY = YES;
				CLANG_WARN_ENUM_CONVERSION = YES;
				CLANG_WARN_INFINITE_RECURSION = YES;
				CLANG_WARN_INT_CONVERSION = YES;
				CLANG_WARN_NON_LITERAL_NULL_CONVERSION = YES;
				CLANG_WARN_OBJC_IMPLICIT_RETAIN_SELF = YES;
				CLANG_WARN_OBJC_LITERAL_CONVERSION = YES;
				CLANG_WARN_OBJC_ROOT_CLASS = YES_ERROR;
				CLANG_WARN_QUOTED_INCLUDE_IN_FRAMEWORK_HEADER = YES;
				CLANG_WARN_RANGE_LOOP_ANALYSIS = YES;
				CLANG_WARN_STRICT_PROTOTYPES = YES;
				CLANG_WARN_SUSPICIOUS_MOVE = YES;
				CLANG_WARN_UNGUARDED_AVAILABILITY = YES_AGGRESSIVE;
				CLANG_WARN_UNREACHABLE_CODE = YES;
				CLANG_WARN__DUPLICATE_METHOD_MATCH = YES;
				COPY_PHASE_STRIP = NO;
				DEBUG_INFORMATION_FORMAT = dwarf;
				ENABLE_STRICT_OBJC_MSGSEND = YES;
				ENABLE_TESTABILITY = YES;
				ENABLE_USER_SCRIPT_SANDBOXING = YES;
				GCC_C_LANGUAGE_STANDARD = gnu17;
				GCC_DYNAMIC_NO_PIC = NO;
				GCC_NO_COMMON_BLOCKS = YES;
				GCC_OPTIMIZATION_LEVEL = 0;
				GCC_PREPROCESSOR_DEFINITIONS = (
					"DEBUG=1",
					"$(inherited)",
				);
				GCC_WARN_64_TO_32_BIT_CONVERSION = YES;
				GCC_WARN_ABOUT_RETURN_TYPE = YES_ERROR;
				GCC_WARN_UNDECLARED_SELECTOR = YES;
				GCC_WARN_UNINITIALIZED_AUTOS = YES_AGGRESSIVE;
				GCC_WARN_UNUSED_FUNCTION = YES;
				GCC_WARN_UNUSED_VARIABLE = YES;
				IPHONEOS_DEPLOYMENT_TARGET = 17.0;
				LOCALIZATION_PREFERS_STRING_CATALOGS = YES;
				MTL_ENABLE_DEBUG_INFO = INCLUDE_SOURCE;
				MTL_FAST_MATH = YES;
				ONLY_ACTIVE_ARCH = YES;
				SDKROOT = iphoneos;
				SWIFT_ACTIVE_COMPILATION_CONDITIONS = "DEBUG $(inherited)";
				SWIFT_OPTIMIZATION_LEVEL = "-Onone";
			};
			name = Debug;
		};
		B1A7EFBB2BC4137200F9D910 /* Release */ = {
			isa = XCBuildConfiguration;
			buildSettings = {
				ALWAYS_SEARCH_USER_PATHS = NO;
				ASSETCATALOG_COMPILER_GENERATE_SWIFT_ASSET_SYMBOL_EXTENSIONS = YES;
				CLANG_ANALYZER_NONNULL = YES;
				CLANG_ANALYZER_NUMBER_OBJECT_CONVERSION = YES_AGGRESSIVE;
				CLANG_CXX_LANGUAGE_STANDARD = "gnu++20";
				CLANG_ENABLE_MODULES = YES;
				CLANG_ENABLE_OBJC_ARC = YES;
				CLANG_ENABLE_OBJC_WEAK = YES;
				CLANG_WARN_BLOCK_CAPTURE_AUTORELEASING = YES;
				CLANG_WARN_BOOL_CONVERSION = YES;
				CLANG_WARN_COMMA = YES;
				CLANG_WARN_CONSTANT_CONVERSION = YES;
				CLANG_WARN_DEPRECATED_OBJC_IMPLEMENTATIONS = YES;
				CLANG_WARN_DIRECT_OBJC_ISA_USAGE = YES_ERROR;
				CLANG_WARN_DOCUMENTATION_COMMENTS = YES;
				CLANG_WARN_EMPTY_BODY = YES;
				CLANG_WARN_ENUM_CONVERSION = YES;
				CLANG_WARN_INFINITE_RECURSION = YES;
				CLANG_WARN_INT_CONVERSION = YES;
				CLANG_WARN_NON_LITERAL_NULL_CONVERSION = YES;
				CLANG_WARN_OBJC_IMPLICIT_RETAIN_SELF = YES;
				CLANG_WARN_OBJC_LITERAL_CONVERSION = YES;
				CLANG_WARN_OBJC_ROOT_CLASS = YES_ERROR;
				CLANG_WARN_QUOTED_INCLUDE_IN_FRAMEWORK_HEADER = YES;
				CLANG_WARN_RANGE_LOOP_ANALYSIS = YES;
				CLANG_WARN_STRICT_PROTOTYPES = YES;
				CLANG_WARN_SUSPICIOUS_MOVE = YES;
				CLANG_WARN_UNGUARDED_AVAILABILITY = YES_AGGRESSIVE;
				CLANG_WARN_UNREACHABLE_CODE = YES;
				CLANG_WARN__DUPLICATE_METHOD_MATCH = YES;
				COPY_PHASE_STRIP = NO;
				DEBUG_INFORMATION_FORMAT = "dwarf-with-dsym";
				ENABLE_NS_ASSERTIONS = NO;
				ENABLE_STRICT_OBJC_MSGSEND = YES;
				ENABLE_USER_SCRIPT_SANDBOXING = YES;
				GCC_C_LANGUAGE_STANDARD = gnu17;
				GCC_NO_COMMON_BLOCKS = YES;
				GCC_WARN_64_TO_32_BIT_CONVERSION = YES;
				GCC_WARN_ABOUT_RETURN_TYPE = YES_ERROR;
				GCC_WARN_UNDECLARED_SELECTOR = YES;
				GCC_WARN_UNINITIALIZED_AUTOS = YES_AGGRESSIVE;
				GCC_WARN_UNUSED_FUNCTION = YES;
				GCC_WARN_UNUSED_VARIABLE = YES;
				IPHONEOS_DEPLOYMENT_TARGET = 17.0;
				LOCALIZATION_PREFERS_STRING_CATALOGS = YES;
				MTL_ENABLE_DEBUG_INFO = NO;
				MTL_FAST_MATH = YES;
				SDKROOT = iphoneos;
				SWIFT_COMPILATION_MODE = wholemodule;
				VALIDATE_PRODUCT = YES;
			};
			name = Release;
		};
		B1A7EFBD2BC4137200F9D910 /* Debug */ = {
			isa = XCBuildConfiguration;
			buildSettings = {
				ASSETCATALOG_COMPILER_APPICON_NAME = AppIcon;
				ASSETCATALOG_COMPILER_GLOBAL_ACCENT_COLOR_NAME = AccentColor;
				CODE_SIGN_STYLE = Automatic;
				CURRENT_PROJECT_VERSION = 1;
				DEVELOPMENT_TEAM = Q4WH2ZZWCT;
				GENERATE_INFOPLIST_FILE = YES;
				INFOPLIST_FILE = Testing_in_Xcode_OReilly/Info.plist;
				INFOPLIST_KEY_UIApplicationSupportsIndirectInputEvents = YES;
				INFOPLIST_KEY_UILaunchStoryboardName = LaunchScreen;
				INFOPLIST_KEY_UIMainStoryboardFile = Main;
				INFOPLIST_KEY_UISupportedInterfaceOrientations_iPad = "UIInterfaceOrientationPortrait UIInterfaceOrientationPortraitUpsideDown UIInterfaceOrientationLandscapeLeft UIInterfaceOrientationLandscapeRight";
				INFOPLIST_KEY_UISupportedInterfaceOrientations_iPhone = "UIInterfaceOrientationPortrait UIInterfaceOrientationLandscapeLeft UIInterfaceOrientationLandscapeRight";
				LD_RUNPATH_SEARCH_PATHS = (
					"$(inherited)",
					"@executable_path/Frameworks",
				);
				MARKETING_VERSION = 1.0;
				PRODUCT_BUNDLE_IDENTIFIER = "com.siddharthkothari.Testing-in-Xcode-OReilly";
				PRODUCT_NAME = "$(TARGET_NAME)";
				SWIFT_EMIT_LOC_STRINGS = YES;
				SWIFT_VERSION = 5.0;
				TARGETED_DEVICE_FAMILY = "1,2";
			};
			name = Debug;
		};
		B1A7EFBE2BC4137200F9D910 /* Release */ = {
			isa = XCBuildConfiguration;
			buildSettings = {
				ASSETCATALOG_COMPILER_APPICON_NAME = AppIcon;
				ASSETCATALOG_COMPILER_GLOBAL_ACCENT_COLOR_NAME = AccentColor;
				CODE_SIGN_STYLE = Automatic;
				CURRENT_PROJECT_VERSION = 1;
				DEVELOPMENT_TEAM = Q4WH2ZZWCT;
				GENERATE_INFOPLIST_FILE = YES;
				INFOPLIST_FILE = Testing_in_Xcode_OReilly/Info.plist;
				INFOPLIST_KEY_UIApplicationSupportsIndirectInputEvents = YES;
				INFOPLIST_KEY_UILaunchStoryboardName = LaunchScreen;
				INFOPLIST_KEY_UIMainStoryboardFile = Main;
				INFOPLIST_KEY_UISupportedInterfaceOrientations_iPad = "UIInterfaceOrientationPortrait UIInterfaceOrientationPortraitUpsideDown UIInterfaceOrientationLandscapeLeft UIInterfaceOrientationLandscapeRight";
				INFOPLIST_KEY_UISupportedInterfaceOrientations_iPhone = "UIInterfaceOrientationPortrait UIInterfaceOrientationLandscapeLeft UIInterfaceOrientationLandscapeRight";
				LD_RUNPATH_SEARCH_PATHS = (
					"$(inherited)",
					"@executable_path/Frameworks",
				);
				MARKETING_VERSION = 1.0;
				PRODUCT_BUNDLE_IDENTIFIER = "com.siddharthkothari.Testing-in-Xcode-OReilly";
				PRODUCT_NAME = "$(TARGET_NAME)";
				SWIFT_EMIT_LOC_STRINGS = YES;
				SWIFT_VERSION = 5.0;
				TARGETED_DEVICE_FAMILY = "1,2";
			};
			name = Release;
		};
		B1A7EFC02BC4137200F9D910 /* Debug */ = {
			isa = XCBuildConfiguration;
			buildSettings = {
				ALWAYS_EMBED_SWIFT_STANDARD_LIBRARIES = YES;
				BUNDLE_LOADER = "$(TEST_HOST)";
				CODE_SIGN_STYLE = Automatic;
				CURRENT_PROJECT_VERSION = 1;
				DEVELOPMENT_TEAM = Q4WH2ZZWCT;
				GENERATE_INFOPLIST_FILE = YES;
				IPHONEOS_DEPLOYMENT_TARGET = 17.0;
				MARKETING_VERSION = 1.0;
				PRODUCT_BUNDLE_IDENTIFIER = "com.siddharthkothari.Testing-in-Xcode-OReillyTests";
				PRODUCT_NAME = "$(TARGET_NAME)";
				SWIFT_EMIT_LOC_STRINGS = NO;
				SWIFT_VERSION = 5.0;
				TARGETED_DEVICE_FAMILY = "1,2";
				TEST_HOST = "$(BUILT_PRODUCTS_DIR)/Testing_in_Xcode_OReilly.app/$(BUNDLE_EXECUTABLE_FOLDER_PATH)/Testing_in_Xcode_OReilly";
			};
			name = Debug;
		};
		B1A7EFC12BC4137200F9D910 /* Release */ = {
			isa = XCBuildConfiguration;
			buildSettings = {
				ALWAYS_EMBED_SWIFT_STANDARD_LIBRARIES = YES;
				BUNDLE_LOADER = "$(TEST_HOST)";
				CODE_SIGN_STYLE = Automatic;
				CURRENT_PROJECT_VERSION = 1;
				DEVELOPMENT_TEAM = Q4WH2ZZWCT;
				GENERATE_INFOPLIST_FILE = YES;
				IPHONEOS_DEPLOYMENT_TARGET = 17.0;
				MARKETING_VERSION = 1.0;
				PRODUCT_BUNDLE_IDENTIFIER = "com.siddharthkothari.Testing-in-Xcode-OReillyTests";
				PRODUCT_NAME = "$(TARGET_NAME)";
				SWIFT_EMIT_LOC_STRINGS = NO;
				SWIFT_VERSION = 5.0;
				TARGETED_DEVICE_FAMILY = "1,2";
				TEST_HOST = "$(BUILT_PRODUCTS_DIR)/Testing_in_Xcode_OReilly.app/$(BUNDLE_EXECUTABLE_FOLDER_PATH)/Testing_in_Xcode_OReilly";
			};
			name = Release;
		};
		B1A7EFC32BC4137200F9D910 /* Debug */ = {
			isa = XCBuildConfiguration;
			buildSettings = {
				ALWAYS_EMBED_SWIFT_STANDARD_LIBRARIES = YES;
				CODE_SIGN_STYLE = Automatic;
				CURRENT_PROJECT_VERSION = 1;
				DEVELOPMENT_TEAM = Q4WH2ZZWCT;
				GENERATE_INFOPLIST_FILE = YES;
				MARKETING_VERSION = 1.0;
				PRODUCT_BUNDLE_IDENTIFIER = "com.siddharthkothari.Testing-in-Xcode-OReillyUITests";
				PRODUCT_NAME = "$(TARGET_NAME)";
				SWIFT_EMIT_LOC_STRINGS = NO;
				SWIFT_VERSION = 5.0;
				TARGETED_DEVICE_FAMILY = "1,2";
				TEST_TARGET_NAME = Testing_in_Xcode_OReilly;
			};
			name = Debug;
		};
		B1A7EFC42BC4137200F9D910 /* Release */ = {
			isa = XCBuildConfiguration;
			buildSettings = {
				ALWAYS_EMBED_SWIFT_STANDARD_LIBRARIES = YES;
				CODE_SIGN_STYLE = Automatic;
				CURRENT_PROJECT_VERSION = 1;
				DEVELOPMENT_TEAM = Q4WH2ZZWCT;
				GENERATE_INFOPLIST_FILE = YES;
				MARKETING_VERSION = 1.0;
				PRODUCT_BUNDLE_IDENTIFIER = "com.siddharthkothari.Testing-in-Xcode-OReillyUITests";
				PRODUCT_NAME = "$(TARGET_NAME)";
				SWIFT_EMIT_LOC_STRINGS = NO;
				SWIFT_VERSION = 5.0;
				TARGETED_DEVICE_FAMILY = "1,2";
				TEST_TARGET_NAME = Testing_in_Xcode_OReilly;
			};
			name = Release;
		};
/* End XCBuildConfiguration section */

/* Begin XCConfigurationList section */
		B1A7EF8D2BC4137000F9D910 /* Build configuration list for PBXProject "Testing_in_Xcode_OReilly" */ = {
			isa = XCConfigurationList;
			buildConfigurations = (
				B1A7EFBA2BC4137200F9D910 /* Debug */,
				B1A7EFBB2BC4137200F9D910 /* Release */,
			);
			defaultConfigurationIsVisible = 0;
			defaultConfigurationName = Release;
		};
		B1A7EFBC2BC4137200F9D910 /* Build configuration list for PBXNativeTarget "Testing_in_Xcode_OReilly" */ = {
			isa = XCConfigurationList;
			buildConfigurations = (
				B1A7EFBD2BC4137200F9D910 /* Debug */,
				B1A7EFBE2BC4137200F9D910 /* Release */,
			);
			defaultConfigurationIsVisible = 0;
			defaultConfigurationName = Release;
		};
		B1A7EFBF2BC4137200F9D910 /* Build configuration list for PBXNativeTarget "Testing_in_Xcode_OReillyTests" */ = {
			isa = XCConfigurationList;
			buildConfigurations = (
				B1A7EFC02BC4137200F9D910 /* Debug */,
				B1A7EFC12BC4137200F9D910 /* Release */,
			);
			defaultConfigurationIsVisible = 0;
			defaultConfigurationName = Release;
		};
		B1A7EFC22BC4137200F9D910 /* Build configuration list for PBXNativeTarget "Testing_in_Xcode_OReillyUITests" */ = {
			isa = XCConfigurationList;
			buildConfigurations = (
				B1A7EFC32BC4137200F9D910 /* Debug */,
				B1A7EFC42BC4137200F9D910 /* Release */,
			);
			defaultConfigurationIsVisible = 0;
			defaultConfigurationName = Release;
		};
/* End XCConfigurationList section */
	};
	rootObject = B1A7EF8A2BC4137000F9D910 /* Project object */;
}
